# This file was autogenerated by Stack.
# You should not edit this file by hand.
# For more information, please see the documentation at:
#   https://docs.haskellstack.org/en/stable/lock_files

packages: []
snapshots:
- completed:
    size: 594195
    url: https://raw.githubusercontent.com/commercialhaskell/stackage-snapshots/master/nightly/2021/10/29.yaml
    sha256: 6eca2192c85fa4df1f93ac039285d960db6ccad2a786729ef10df4f0537ae929
  original: nightly-2021-10-29
