# This file was autogenerated by Stack.
# You should not edit this file by hand.
# For more information, please see the documentation at:
#   https://docs.haskellstack.org/en/stable/lock_files

packages:
- completed:
    hackage: th-desugar-1.12@sha256:019a2b121ed5de5f8a6af40ee7754511708566fe86def9533e3a54ec074be20e,3764
    pantry-tree:
      size: 1675
      sha256: 9a6788ef0f02fb8dc76c7673f201dc3452f73df0fba7ff2197a49e7c5c5df879
  original:
    hackage: th-desugar-1.12
snapshots:
- completed:
    size: 587963
    url: https://raw.githubusercontent.com/commercialhaskell/stackage-snapshots/master/nightly/2021/6/1.yaml
    sha256: 6f13285c82266d1d06f7f68366a5190dcbc6758ae8806813005cf56daa6bb9be
  original: nightly-2021-06-01
