# This file was autogenerated by Stack.
# You should not edit this file by hand.
# For more information, please see the documentation at:
#   https://docs.haskellstack.org/en/stable/lock_files

packages:
- completed:
    hackage: th-desugar-1.11@sha256:573a176b4642c1ad1f40eef76ad2bfc6bdafe3e5d162f7a6bb08132488cc5496,3577
    pantry-tree:
      size: 1675
      sha256: 46a588945b5e13c5e2a6aba6aad06df029602c3c6ff7ffa2e9f4cdb4e566b24a
  original:
    hackage: th-desugar-1.11
- completed:
    hackage: fail-4.9.0.0@sha256:35d1ee29364447c1b7d616bb1ee31f162b73e85fea91d7ca6441cf901398f572,1051
    pantry-tree:
      size: 210
      sha256: e4daa79eb6a4442ec85c86dfeb0eb4bf8624f8dcc5291a2216165120ecb77c13
  original:
    hackage: fail-4.9.0.0@sha256:35d1ee29364447c1b7d616bb1ee31f162b73e85fea91d7ca6441cf901398f572,1051
- completed:
    hackage: ordered-containers-0.2.2@sha256:ebf2be3f592d9cf148ea6b8375f8af97148d44f82d8d04476899285e965afdbf,810
    pantry-tree:
      size: 526
      sha256: 757fd75227afa0107f8eb3ebb467856b1d7456276eb501d510c9b06cb5395fbc
  original:
    hackage: ordered-containers-0.2.2@sha256:ebf2be3f592d9cf148ea6b8375f8af97148d44f82d8d04476899285e965afdbf,810
- completed:
    hackage: semigroups-0.19.1@sha256:ecae129621e0d2f77bef2f01e4458c2e0567ab6e1f39579c61d7cec8058ebb0e,6262
    pantry-tree:
      size: 534
      sha256: 61160272cccf0dcffe7fe23b7644412b959a8ec232bed4d43be235176f0bd90b
  original:
    hackage: semigroups-0.19.1@sha256:ecae129621e0d2f77bef2f01e4458c2e0567ab6e1f39579c61d7cec8058ebb0e,6262
- completed:
    hackage: syb-0.7.1@sha256:8d37b1e4d04a9aa8512dc6c2a06e02afc015a2fd3e735bdfeeacb5e2e853323c,2462
    pantry-tree:
      size: 3396
      sha256: efe0ac2f5d5a3c34125c2dd665521a626237f49aa8fa289bfeeabe951b8a30e0
  original:
    hackage: syb-0.7.1@sha256:8d37b1e4d04a9aa8512dc6c2a06e02afc015a2fd3e735bdfeeacb5e2e853323c,2462
- completed:
    hackage: th-abstraction-0.3.2.0@sha256:9b5b4e6e2bbff9b075ad7751ee98e2107090bd17b51d5442695b8990e4db6521,1851
    pantry-tree:
      size: 583
      sha256: 21e260e558db166dc70f3002e7a0d22dd57d0b9e7842dd9de5e2f9f887e1275e
  original:
    hackage: th-abstraction-0.3.2.0@sha256:9b5b4e6e2bbff9b075ad7751ee98e2107090bd17b51d5442695b8990e4db6521,1851
- completed:
    hackage: th-extras-0.0.0.4@sha256:2f408c0f427530f36beb19c733a7a57f67b727713f9bb942b64f3b2e0e2932bf,1457
    pantry-tree:
      size: 181
      sha256: 294d7f9798b67adde02a3fa7762bed15a96b51822936b35c89d8fc4ced4692b6
  original:
    hackage: th-extras-0.0.0.4@sha256:2f408c0f427530f36beb19c733a7a57f67b727713f9bb942b64f3b2e0e2932bf,1457
- completed:
    hackage: th-lift-0.8.1@sha256:51ffb3c76b2175405f643d5461a07820fade6c5ac635698a87afe3aba35ae343,2544
    pantry-tree:
      size: 462
      sha256: 79821d0901c430670dd1521ae5f0d6354707217cf9f173404862de534e8e9090
  original:
    hackage: th-lift-0.8.1@sha256:51ffb3c76b2175405f643d5461a07820fade6c5ac635698a87afe3aba35ae343,2544
- completed:
    hackage: th-orphans-0.13.10@sha256:69b7168d2e2ccad41ab299e1de846f44c4d7dde0fb691242923f3bc1fdf24276,2679
    pantry-tree:
      size: 527
      sha256: d7303c7c90357b4cd4997033d79219355245ce0d80bbcbbd411f4d93bd2eb941
  original:
    hackage: th-orphans-0.13.10@sha256:69b7168d2e2ccad41ab299e1de846f44c4d7dde0fb691242923f3bc1fdf24276,2679
- completed:
    hackage: transformers-compat-0.6.5@sha256:50b00c57bf3fc379ec2477bfc261a2aebc983084488478adb29854f193af4696,5490
    pantry-tree:
      size: 1773
      sha256: 3a15141e82214faba9ddcabaa63526273d4c8b7b1d9d6cbc643334bfe41fb2f8
  original:
    hackage: transformers-compat-0.6.5@sha256:50b00c57bf3fc379ec2477bfc261a2aebc983084488478adb29854f193af4696,5490
- completed:
    hackage: void-0.7.3@sha256:13d30f62fcdf065e595d679d4ac8b4b0c1bb1a1b73db7b5b5a8f857cb5c8a546,1857
    pantry-tree:
      size: 584
      sha256: 5730b45e857424c97d24ee1cf530be1fc782cd000221ac97b5568be886cbbc2b
  original:
    hackage: void-0.7.3@sha256:13d30f62fcdf065e595d679d4ac8b4b0c1bb1a1b73db7b5b5a8f857cb5c8a546,1857
- completed:
    hackage: th-lift-instances-0.1.16@sha256:82562e05dd6f08943972549af31a7748b9ab128f65143abb9f0890b142d63df3,2608
    pantry-tree:
      size: 526
      sha256: bda6b1bec896bc0ec616cc53285dba55cf31d15241168e6738605eee7227fe25
  original:
    hackage: th-lift-instances-0.1.16@sha256:82562e05dd6f08943972549af31a7748b9ab128f65143abb9f0890b142d63df3,2608
- completed:
    hackage: th-reify-many-0.1.9@sha256:6ac71be9f3220cc7efeade308d5305dbe3fdfffae5a94d8a8ee70d180d0a2254,1752
    pantry-tree:
      size: 373
      sha256: 29ff7becd49ea2838750810ce5d6be6c8e781c429be9c4ffea5844b03d97f216
  original:
    hackage: th-reify-many-0.1.9@sha256:6ac71be9f3220cc7efeade308d5305dbe3fdfffae5a94d8a8ee70d180d0a2254,1752
- completed:
    hackage: safe-0.3.18@sha256:6aa17f30b93a39f60e132fca490a3995db43bf32cf868708327a2f4b526c217f,2405
    pantry-tree:
      size: 564
      sha256: 2f2805dc3e1414378eca6ca0419858ff0b844062a2d1d38f55f8e1cb3abf9d38
  original:
    hackage: safe-0.3.18@sha256:6aa17f30b93a39f60e132fca490a3995db43bf32cf868708327a2f4b526c217f,2405
- completed:
    hackage: th-expand-syns-0.4.6.0@sha256:73309fcbacca99a8c478c3cb86643e27c733e1ca3c7d3121e93960c02b0ff313,1223
    pantry-tree:
      size: 548
      sha256: f32c6e2c9915ee1879cff48bb3ff148d5dd283a5144cb9de323c8613c6cdd436
  original:
    hackage: th-expand-syns-0.4.6.0@sha256:73309fcbacca99a8c478c3cb86643e27c733e1ca3c7d3121e93960c02b0ff313,1223
- completed:
    hackage: vector-0.12.1.2@sha256:9291bc581f36e51d5bda9fce57cb980fbec3dd292996896f285fef39eb80a9a0,7364
    pantry-tree:
      size: 3784
      sha256: f79eefc8ba2b57ded2276f48046e64663d37b210b6047b6b6ecb30c9da196216
  original:
    hackage: vector-0.12.1.2@sha256:9291bc581f36e51d5bda9fce57cb980fbec3dd292996896f285fef39eb80a9a0,7364
- completed:
    hackage: primitive-0.7.0.1@sha256:a381571c36edc7dca28b77fe8159b43c14c640087ec5946adacf949feec64231,3433
    pantry-tree:
      size: 3221
      sha256: fea4312bd404ad504e44a7fd933a3b3442c0a5e1c41bd8abec3c2e7282d88e18
  original:
    hackage: primitive-0.7.0.1@sha256:a381571c36edc7dca28b77fe8159b43c14c640087ec5946adacf949feec64231,3433
snapshots: []
