# This file was autogenerated by Stack.
# You should not edit this file by hand.
# For more information, please see the documentation at:
#   https://docs.haskellstack.org/en/stable/lock_files

packages:
- completed:
    hackage: th-desugar-1.14@sha256:cd074b935106798ed3cf0238ed855a6c53dbaf71cc6c28c39460c752b6269eec,3644
    pantry-tree:
      size: 1785
      sha256: d0504ef104f5482401a9d06d0adb1552579e5b6c96903773154a4f058c9e0da8
  original:
    hackage: th-desugar-1.14
snapshots:
- completed:
    size: 630640
    url: https://raw.githubusercontent.com/commercialhaskell/stackage-snapshots/master/nightly/2022/8/19.yaml
    sha256: a10f9e3f425aa803549f72b29adb0825ac68262b16140e855f5683b91c2bedfe
  original: nightly-2022-08-19
