# This file was autogenerated by Stack.
# You should not edit this file by hand.
# For more information, please see the documentation at:
#   https://docs.haskellstack.org/en/stable/lock_files

packages: []
snapshots:
- completed:
    size: 562473
    url: https://raw.githubusercontent.com/commercialhaskell/stackage-snapshots/master/nightly/2021/1/17.yaml
    sha256: 217ab7f1d59382a906fa39845ccf245759df4564846bcc4cfc859424a8f2d9e0
  original: nightly-2021-01-17
