# This file was autogenerated by Stack.
# You should not edit this file by hand.
# For more information, please see the documentation at:
#   https://docs.haskellstack.org/en/stable/lock_files

packages:
- completed:
    hackage: th-desugar-1.11@sha256:573a176b4642c1ad1f40eef76ad2bfc6bdafe3e5d162f7a6bb08132488cc5496,3577
    pantry-tree:
      size: 1675
      sha256: 46a588945b5e13c5e2a6aba6aad06df029602c3c6ff7ffa2e9f4cdb4e566b24a
  original:
    hackage: th-desugar-1.11
snapshots:
- completed:
    size: 468735
    url: https://raw.githubusercontent.com/commercialhaskell/stackage-snapshots/master/nightly/2020/1/25.yaml
    sha256: 191ce765b625c0b0bbda9c9105ed7fc32127ac7b4d662696b43792e645c6a362
  original: nightly-2020-01-25
