# This file was autogenerated by Stack.
# You should not edit this file by hand.
# For more information, please see the documentation at:
#   https://docs.haskellstack.org/en/stable/lock_files

packages:
- completed:
    size: 41747
    url: https://github.com/dreixel/syb/archive/61db19714933ce532f5579a9ce34d52a9efe2c76.tar.gz
    name: syb
    version: 0.7.1
    sha256: 7a2444fc2c14b5864da9ae0aee768ece549b800ca56ea90c7bbb526059112f18
    pantry-tree:
      size: 3587
      sha256: 3914396cd9fd0e169d8734b72aadab2efdd85da955db616638c7c0bab359ecb9
  original:
    url: https://github.com/dreixel/syb/archive/61db19714933ce532f5579a9ce34d52a9efe2c76.tar.gz
- completed:
    size: 10318
    url: https://github.com/mgsloan/th-expand-syns/archive/6a64927ebd6b85cc3c67c00c88c3c7c019d31573.tar.gz
    name: th-expand-syns
    version: 0.4.6.0
    sha256: 66f97fd3861e75797e55ae54009f291885214da483f56e96fa6d33174b70b010
    pantry-tree:
      size: 810
      sha256: 9107aadbfde7409ad08d517e465347e05bd1adaa5a3a36ad7a469be3c096662e
  original:
    url: https://github.com/mgsloan/th-expand-syns/archive/6a64927ebd6b85cc3c67c00c88c3c7c019d31573.tar.gz
- completed:
    size: 93941
    url: https://github.com/goldfirere/th-desugar/archive/e22709ebfc43c12fb690622eb0da09d2b3c4ba73.tar.gz
    name: th-desugar
    version: '1.12'
    sha256: 49c524359c0bb3e76902677dea29865573de7cae1fe9efd6b9469b99aeccf57c
    pantry-tree:
      size: 1952
      sha256: f97b30053ee05d4a6461ec6f7ae23f9cf0617eca2a23103a92c09bec37a47860
  original:
    url: https://github.com/goldfirere/th-desugar/archive/e22709ebfc43c12fb690622eb0da09d2b3c4ba73.tar.gz
snapshots:
- completed:
    size: 562473
    url: https://raw.githubusercontent.com/commercialhaskell/stackage-snapshots/master/nightly/2021/1/17.yaml
    sha256: 217ab7f1d59382a906fa39845ccf245759df4564846bcc4cfc859424a8f2d9e0
  original: nightly-2021-01-17
